
Microsoft Visual Studio Solution File, Format Version 12.00
Project("{2150E333-8FDC-42A3-9474-1A3956D46DE8}") = "Domain", "Domain", "{37DB249D-68F1-4EAD-9788-3CBA0AAB2D8B}"
EndProject
Project("{2150E333-8FDC-42A3-9474-1A3956D46DE8}") = "DataProviders", "DataProviders", "{D66EF28B-4C27-45A5-BE6D-65B88056ECCF}"
EndProject
Project("{2150E333-8FDC-42A3-9474-1A3956D46DE8}") = "EntryPoints", "EntryPoints", "{F34A1019-44A9-4411-AA8F-3CB87CA26F63}"
EndProject
Project("{2150E333-8FDC-42A3-9474-1A3956D46DE8}") = "UnitTests", "UnitTests", "{4E71EC24-0B0F-47B9-8D91-644B564B9DAE}"
EndProject
Project("{FAE04EC0-301F-11D3-BF4B-00C04F79EFBC}") = "NHP_Domain", "NHP_Domain\NHP_Domain.csproj", "{31C369AC-2484-41B2-A11C-BCE39997C8F1}"
EndProject
Project("{FAE04EC0-301F-11D3-BF4B-00C04F79EFBC}") = "NHP_UnitTests", "NHP_UnitTests\NHP_UnitTests.csproj", "{ABC73182-14BF-46F9-9DB8-093227B1B3FB}"
EndProject
Project("{FAE04EC0-301F-11D3-BF4B-00C04F79EFBC}") = "NHP_RestApi", "NHP_RestApi\NHP_RestApi.csproj", "{0159E019-E114-42C9-9FD9-892E23EE5994}"
EndProject
Project("{FAE04EC0-301F-11D3-BF4B-00C04F79EFBC}") = "NHP_EFDataProvider", "NHP_EFDataProvider\NHP_EFDataProvider.csproj", "{D68A9FDB-4A08-4254-B326-5810DF6E6E6A}"
EndProject
Global
	GlobalSection(SolutionConfigurationPlatforms) = preSolution
		Debug|Any CPU = Debug|Any CPU
		Release|Any CPU = Release|Any CPU
	EndGlobalSection
	GlobalSection(NestedProjects) = preSolution
		{31C369AC-2484-41B2-A11C-BCE39997C8F1} = {37DB249D-68F1-4EAD-9788-3CBA0AAB2D8B}
		{ABC73182-14BF-46F9-9DB8-093227B1B3FB} = {4E71EC24-0B0F-47B9-8D91-644B564B9DAE}
		{0159E019-E114-42C9-9FD9-892E23EE5994} = {F34A1019-44A9-4411-AA8F-3CB87CA26F63}
		{D68A9FDB-4A08-4254-B326-5810DF6E6E6A} = {D66EF28B-4C27-45A5-BE6D-65B88056ECCF}
	EndGlobalSection
	GlobalSection(ProjectConfigurationPlatforms) = postSolution
		{31C369AC-2484-41B2-A11C-BCE39997C8F1}.Debug|Any CPU.ActiveCfg = Debug|Any CPU
		{31C369AC-2484-41B2-A11C-BCE39997C8F1}.Debug|Any CPU.Build.0 = Debug|Any CPU
		{31C369AC-2484-41B2-A11C-BCE39997C8F1}.Release|Any CPU.ActiveCfg = Release|Any CPU
		{31C369AC-2484-41B2-A11C-BCE39997C8F1}.Release|Any CPU.Build.0 = Release|Any CPU
		{ABC73182-14BF-46F9-9DB8-093227B1B3FB}.Debug|Any CPU.ActiveCfg = Debug|Any CPU
		{ABC73182-14BF-46F9-9DB8-093227B1B3FB}.Debug|Any CPU.Build.0 = Debug|Any CPU
		{ABC73182-14BF-46F9-9DB8-093227B1B3FB}.Release|Any CPU.ActiveCfg = Release|Any CPU
		{ABC73182-14BF-46F9-9DB8-093227B1B3FB}.Release|Any CPU.Build.0 = Release|Any CPU
		{0159E019-E114-42C9-9FD9-892E23EE5994}.Debug|Any CPU.ActiveCfg = Debug|Any CPU
		{0159E019-E114-42C9-9FD9-892E23EE5994}.Debug|Any CPU.Build.0 = Debug|Any CPU
		{0159E019-E114-42C9-9FD9-892E23EE5994}.Release|Any CPU.ActiveCfg = Release|Any CPU
		{0159E019-E114-42C9-9FD9-892E23EE5994}.Release|Any CPU.Build.0 = Release|Any CPU
		{D68A9FDB-4A08-4254-B326-5810DF6E6E6A}.Debug|Any CPU.ActiveCfg = Debug|Any CPU
		{D68A9FDB-4A08-4254-B326-5810DF6E6E6A}.Debug|Any CPU.Build.0 = Debug|Any CPU
		{D68A9FDB-4A08-4254-B326-5810DF6E6E6A}.Release|Any CPU.ActiveCfg = Release|Any CPU
		{D68A9FDB-4A08-4254-B326-5810DF6E6E6A}.Release|Any CPU.Build.0 = Release|Any CPU
	EndGlobalSection
EndGlobal
